// !$*UTF8*$!
{
	archiveVersion = 1;
	classes = {
	};
	objectVersion = 56;
	objects = {

/* Begin PBXBuildFile section */
		2426F4E42C1061F2005350A9 /* AppDelegate.swift in Sources */ = {isa = PBXBuildFile; fileRef = 2426F4E32C1061F2005350A9 /* AppDelegate.swift */; };
		2426F4E62C1061F2005350A9 /* SceneDelegate.swift in Sources */ = {isa = PBXBuildFile; fileRef = 2426F4E52C1061F2005350A9 /* SceneDelegate.swift */; };
		2426F4ED2C1061F4005350A9 /* Assets.xcassets in Resources */ = {isa = PBXBuildFile; fileRef = 2426F4EC2C1061F4005350A9 /* Assets.xcassets */; };
		2426F4F02C1061F4005350A9 /* Base in Resources */ = {isa = PBXBuildFile; fileRef = 2426F4EF2C1061F4005350A9 /* Base */; };
		2426F4F82C106765005350A9 /* .gitignore in Resources */ = {isa = PBXBuildFile; fileRef = 2426F4F72C106765005350A9 /* .gitignore */; };
		2426F4FA2C1067B5005350A9 /* APIKey.swift in Sources */ = {isa = PBXBuildFile; fileRef = 2426F4F92C1067B5005350A9 /* APIKey.swift */; };
		2426F4FD2C106831005350A9 /* Alamofire in Frameworks */ = {isa = PBXBuildFile; productRef = 2426F4FC2C106831005350A9 /* Alamofire */; };
		2426F5002C10683F005350A9 /* SnapKit in Frameworks */ = {isa = PBXBuildFile; productRef = 2426F4FF2C10683F005350A9 /* SnapKit */; };
		2426F5022C106857005350A9 /* SignInViewController.swift in Sources */ = {isa = PBXBuildFile; fileRef = 2426F5012C106857005350A9 /* SignInViewController.swift */; };
		2426F5042C10687D005350A9 /* HomeViewController.swift in Sources */ = {isa = PBXBuildFile; fileRef = 2426F5032C10687D005350A9 /* HomeViewController.swift */; };
		2426F5062C10688E005350A9 /* LottoViewController.swift in Sources */ = {isa = PBXBuildFile; fileRef = 2426F5052C10688E005350A9 /* LottoViewController.swift */; };
		2426F5082C10721C005350A9 /* UIColor+Extension.swift in Sources */ = {isa = PBXBuildFile; fileRef = 2426F5072C10721C005350A9 /* UIColor+Extension.swift */; };
		2426F50A2C108CAE005350A9 /* MovieViewController.swift in Sources */ = {isa = PBXBuildFile; fileRef = 2426F5092C108CAE005350A9 /* MovieViewController.swift */; };
		2426F50C2C10971F005350A9 /* MovieTableViewCell.swift in Sources */ = {isa = PBXBuildFile; fileRef = 2426F50B2C10971F005350A9 /* MovieTableViewCell.swift */; };
		2426F50E2C1097A8005350A9 /* ReuseIdentifierProtocol.swift in Sources */ = {isa = PBXBuildFile; fileRef = 2426F50D2C1097A8005350A9 /* ReuseIdentifierProtocol.swift */; };
		2426F5102C118021005350A9 /* WeatherViewController.swift in Sources */ = {isa = PBXBuildFile; fileRef = 2426F50F2C118021005350A9 /* WeatherViewController.swift */; };
		2426F5542C16DC64005350A9 /* TrendViewController.swift in Sources */ = {isa = PBXBuildFile; fileRef = 2426F5532C16DC64005350A9 /* TrendViewController.swift */; };
		2426F5572C16E0E9005350A9 /* Kingfisher in Frameworks */ = {isa = PBXBuildFile; productRef = 2426F5562C16E0E9005350A9 /* Kingfisher */; };
		2426F5592C16EC0D005350A9 /* TrendTableViewCell.swift in Sources */ = {isa = PBXBuildFile; fileRef = 2426F5582C16EC0D005350A9 /* TrendTableViewCell.swift */; };
		2426F55B2C174A02005350A9 /* TrendDetailViewController.swift in Sources */ = {isa = PBXBuildFile; fileRef = 2426F55A2C174A02005350A9 /* TrendDetailViewController.swift */; };
/* End PBXBuildFile section */

/* Begin PBXFileReference section */
		2426F4E02C1061F2005350A9 /* NetworkPractice.app */ = {isa = PBXFileReference; explicitFileType = wrapper.application; includeInIndex = 0; path = NetworkPractice.app; sourceTree = BUILT_PRODUCTS_DIR; };
		2426F4E32C1061F2005350A9 /* AppDelegate.swift */ = {isa = PBXFileReference; lastKnownFileType = sourcecode.swift; path = AppDelegate.swift; sourceTree = "<group>"; };
		2426F4E52C1061F2005350A9 /* SceneDelegate.swift */ = {isa = PBXFileReference; lastKnownFileType = sourcecode.swift; path = SceneDelegate.swift; sourceTree = "<group>"; };
		2426F4EC2C1061F4005350A9 /* Assets.xcassets */ = {isa = PBXFileReference; lastKnownFileType = folder.assetcatalog; path = Assets.xcassets; sourceTree = "<group>"; };
		2426F4EF2C1061F4005350A9 /* Base */ = {isa = PBXFileReference; lastKnownFileType = file.storyboard; name = Base; path = Base.lproj/LaunchScreen.storyboard; sourceTree = "<group>"; };
		2426F4F12C1061F4005350A9 /* Info.plist */ = {isa = PBXFileReference; lastKnownFileType = text.plist.xml; path = Info.plist; sourceTree = "<group>"; };
		2426F4F72C106765005350A9 /* .gitignore */ = {isa = PBXFileReference; lastKnownFileType = text; path = .gitignore; sourceTree = "<group>"; };
		2426F4F92C1067B5005350A9 /* APIKey.swift */ = {isa = PBXFileReference; lastKnownFileType = sourcecode.swift; path = APIKey.swift; sourceTree = "<group>"; };
		2426F5012C106857005350A9 /* SignInViewController.swift */ = {isa = PBXFileReference; lastKnownFileType = sourcecode.swift; path = SignInViewController.swift; sourceTree = "<group>"; };
		2426F5032C10687D005350A9 /* HomeViewController.swift */ = {isa = PBXFileReference; lastKnownFileType = sourcecode.swift; path = HomeViewController.swift; sourceTree = "<group>"; };
		2426F5052C10688E005350A9 /* LottoViewController.swift */ = {isa = PBXFileReference; lastKnownFileType = sourcecode.swift; path = LottoViewController.swift; sourceTree = "<group>"; };
		2426F5072C10721C005350A9 /* UIColor+Extension.swift */ = {isa = PBXFileReference; lastKnownFileType = sourcecode.swift; path = "UIColor+Extension.swift"; sourceTree = "<group>"; };
		2426F5092C108CAE005350A9 /* MovieViewController.swift */ = {isa = PBXFileReference; lastKnownFileType = sourcecode.swift; path = MovieViewController.swift; sourceTree = "<group>"; };
		2426F50B2C10971F005350A9 /* MovieTableViewCell.swift */ = {isa = PBXFileReference; lastKnownFileType = sourcecode.swift; path = MovieTableViewCell.swift; sourceTree = "<group>"; };
		2426F50D2C1097A8005350A9 /* ReuseIdentifierProtocol.swift */ = {isa = PBXFileReference; lastKnownFileType = sourcecode.swift; path = ReuseIdentifierProtocol.swift; sourceTree = "<group>"; };
		2426F50F2C118021005350A9 /* WeatherViewController.swift */ = {isa = PBXFileReference; lastKnownFileType = sourcecode.swift; path = WeatherViewController.swift; sourceTree = "<group>"; };
		2426F5532C16DC64005350A9 /* TrendViewController.swift */ = {isa = PBXFileReference; lastKnownFileType = sourcecode.swift; path = TrendViewController.swift; sourceTree = "<group>"; };
		2426F5582C16EC0D005350A9 /* TrendTableViewCell.swift */ = {isa = PBXFileReference; lastKnownFileType = sourcecode.swift; path = TrendTableViewCell.swift; sourceTree = "<group>"; };
		2426F55A2C174A02005350A9 /* TrendDetailViewController.swift */ = {isa = PBXFileReference; lastKnownFileType = sourcecode.swift; path = TrendDetailViewController.swift; sourceTree = "<group>"; };
/* End PBXFileReference section */

/* Begin PBXFrameworksBuildPhase section */
		2426F4DD2C1061F2005350A9 /* Frameworks */ = {
			isa = PBXFrameworksBuildPhase;
			buildActionMask = 2147483647;
			files = (
				2426F5572C16E0E9005350A9 /* Kingfisher in Frameworks */,
				2426F4FD2C106831005350A9 /* Alamofire in Frameworks */,
				2426F5002C10683F005350A9 /* SnapKit in Frameworks */,
			);
			runOnlyForDeploymentPostprocessing = 0;
		};
/* End PBXFrameworksBuildPhase section */

/* Begin PBXGroup section */
		2426F4D72C1061F2005350A9 = {
			isa = PBXGroup;
			children = (
				2426F4F72C106765005350A9 /* .gitignore */,
				2426F4E22C1061F2005350A9 /* NetworkPractice */,
				2426F4E12C1061F2005350A9 /* Products */,
			);
			sourceTree = "<group>";
		};
		2426F4E12C1061F2005350A9 /* Products */ = {
			isa = PBXGroup;
			children = (
				2426F4E02C1061F2005350A9 /* NetworkPractice.app */,
			);
			name = Products;
			sourceTree = "<group>";
		};
		2426F4E22C1061F2005350A9 /* NetworkPractice */ = {
			isa = PBXGroup;
			children = (
				2426F4E32C1061F2005350A9 /* AppDelegate.swift */,
				2426F4E52C1061F2005350A9 /* SceneDelegate.swift */,
				2426F4F92C1067B5005350A9 /* APIKey.swift */,
				2426F50D2C1097A8005350A9 /* ReuseIdentifierProtocol.swift */,
				2426F5072C10721C005350A9 /* UIColor+Extension.swift */,
				2426F55E2C17F111005350A9 /* CodeBase */,
				2426F55F2C17F11D005350A9 /* Network */,
				2426F5622C1811E8005350A9 /* Media */,
				2426F4EC2C1061F4005350A9 /* Assets.xcassets */,
				2426F4EE2C1061F4005350A9 /* LaunchScreen.storyboard */,
				2426F4F12C1061F4005350A9 /* Info.plist */,
			);
			path = NetworkPractice;
			sourceTree = "<group>";
		};
		2426F55E2C17F111005350A9 /* CodeBase */ = {
			isa = PBXGroup;
			children = (
				2426F5032C10687D005350A9 /* HomeViewController.swift */,
				2426F5012C106857005350A9 /* SignInViewController.swift */,
			);
			path = CodeBase;
			sourceTree = "<group>";
		};
		2426F55F2C17F11D005350A9 /* Network */ = {
			isa = PBXGroup;
			children = (
				2426F5052C10688E005350A9 /* LottoViewController.swift */,
				2426F50F2C118021005350A9 /* WeatherViewController.swift */,
				2426F5092C108CAE005350A9 /* MovieViewController.swift */,
				2426F50B2C10971F005350A9 /* MovieTableViewCell.swift */,
			);
			path = Network;
			sourceTree = "<group>";
		};
		2426F5622C1811E8005350A9 /* Media */ = {
			isa = PBXGroup;
			children = (
				2426F5532C16DC64005350A9 /* TrendViewController.swift */,
				2426F5582C16EC0D005350A9 /* TrendTableViewCell.swift */,
				2426F55A2C174A02005350A9 /* TrendDetailViewController.swift */,
			);
			path = Media;
			sourceTree = "<group>";
		};
/* End PBXGroup section */

/* Begin PBXNativeTarget section */
		2426F4DF2C1061F2005350A9 /* NetworkPractice */ = {
			isa = PBXNativeTarget;
			buildConfigurationList = 2426F4F42C1061F4005350A9 /* Build configuration list for PBXNativeTarget "NetworkPractice" */;
			buildPhases = (
				2426F4DC2C1061F2005350A9 /* Sources */,
				2426F4DD2C1061F2005350A9 /* Frameworks */,
				2426F4DE2C1061F2005350A9 /* Resources */,
			);
			buildRules = (
			);
			dependencies = (
			);
			name = NetworkPractice;
			packageProductDependencies = (
				2426F4FC2C106831005350A9 /* Alamofire */,
				2426F4FF2C10683F005350A9 /* SnapKit */,
				2426F5562C16E0E9005350A9 /* Kingfisher */,
			);
			productName = NetworkPractice;
			productReference = 2426F4E02C1061F2005350A9 /* NetworkPractice.app */;
			productType = "com.apple.product-type.application";
		};
/* End PBXNativeTarget section */

/* Begin PBXProject section */
		2426F4D82C1061F2005350A9 /* Project object */ = {
			isa = PBXProject;
			attributes = {
				BuildIndependentTargetsInParallel = 1;
				LastSwiftUpdateCheck = 1540;
				LastUpgradeCheck = 1540;
				TargetAttributes = {
					2426F4DF2C1061F2005350A9 = {
						CreatedOnToolsVersion = 15.4;
					};
				};
			};
			buildConfigurationList = 2426F4DB2C1061F2005350A9 /* Build configuration list for PBXProject "NetworkPractice" */;
			compatibilityVersion = "Xcode 14.0";
			developmentRegion = en;
			hasScannedForEncodings = 0;
			knownRegions = (
				en,
				Base,
			);
			mainGroup = 2426F4D72C1061F2005350A9;
			packageReferences = (
				2426F4FB2C106831005350A9 /* XCRemoteSwiftPackageReference "Alamofire" */,
				2426F4FE2C10683F005350A9 /* XCRemoteSwiftPackageReference "SnapKit" */,
				2426F5552C16E0E9005350A9 /* XCRemoteSwiftPackageReference "Kingfisher" */,
			);
			productRefGroup = 2426F4E12C1061F2005350A9 /* Products */;
			projectDirPath = "";
			projectRoot = "";
			targets = (
				2426F4DF2C1061F2005350A9 /* NetworkPractice */,
			);
		};
/* End PBXProject section */

/* Begin PBXResourcesBuildPhase section */
		2426F4DE2C1061F2005350A9 /* Resources */ = {
			isa = PBXResourcesBuildPhase;
			buildActionMask = 2147483647;
			files = (
				2426F4F82C106765005350A9 /* .gitignore in Resources */,
				2426F4ED2C1061F4005350A9 /* Assets.xcassets in Resources */,
				2426F4F02C1061F4005350A9 /* Base in Resources */,
			);
			runOnlyForDeploymentPostprocessing = 0;
		};
/* End PBXResourcesBuildPhase section */

/* Begin PBXSourcesBuildPhase section */
		2426F4DC2C1061F2005350A9 /* Sources */ = {
			isa = PBXSourcesBuildPhase;
			buildActionMask = 2147483647;
			files = (
				2426F5082C10721C005350A9 /* UIColor+Extension.swift in Sources */,
				2426F4E42C1061F2005350A9 /* AppDelegate.swift in Sources */,
				2426F50C2C10971F005350A9 /* MovieTableViewCell.swift in Sources */,
				2426F55B2C174A02005350A9 /* TrendDetailViewController.swift in Sources */,
				2426F50E2C1097A8005350A9 /* ReuseIdentifierProtocol.swift in Sources */,
				2426F5542C16DC64005350A9 /* TrendViewController.swift in Sources */,
				2426F4FA2C1067B5005350A9 /* APIKey.swift in Sources */,
				2426F50A2C108CAE005350A9 /* MovieViewController.swift in Sources */,
				2426F5062C10688E005350A9 /* LottoViewController.swift in Sources */,
				2426F5022C106857005350A9 /* SignInViewController.swift in Sources */,
				2426F5592C16EC0D005350A9 /* TrendTableViewCell.swift in Sources */,
				2426F4E62C1061F2005350A9 /* SceneDelegate.swift in Sources */,
				2426F5042C10687D005350A9 /* HomeViewController.swift in Sources */,
				2426F5102C118021005350A9 /* WeatherViewController.swift in Sources */,
			);
			runOnlyForDeploymentPostprocessing = 0;
		};
/* End PBXSourcesBuildPhase section */

/* Begin PBXVariantGroup section */
		2426F4EE2C1061F4005350A9 /* LaunchScreen.storyboard */ = {
			isa = PBXVariantGroup;
			children = (
				2426F4EF2C1061F4005350A9 /* Base */,
			);
			name = LaunchScreen.storyboard;
			sourceTree = "<group>";
		};
/* End PBXVariantGroup section */

/* Begin XCBuildConfiguration section */
		2426F4F22C1061F4005350A9 /* Debug */ = {
			isa = XCBuildConfiguration;
			buildSettings = {
				ALWAYS_SEARCH_USER_PATHS = NO;
				ASSETCATALOG_COMPILER_GENERATE_SWIFT_ASSET_SYMBOL_EXTENSIONS = YES;
				CLANG_ANALYZER_NONNULL = YES;
				CLANG_ANALYZER_NUMBER_OBJECT_CONVERSION = YES_AGGRESSIVE;
				CLANG_CXX_LANGUAGE_STANDARD = "gnu++20";
				CLANG_ENABLE_MODULES = YES;
				CLANG_ENABLE_OBJC_ARC = YES;
				CLANG_ENABLE_OBJC_WEAK = YES;
				CLANG_WARN_BLOCK_CAPTURE_AUTORELEASING = YES;
				CLANG_WARN_BOOL_CONVERSION = YES;
				CLANG_WARN_COMMA = YES;
				CLANG_WARN_CONSTANT_CONVERSION = YES;
				CLANG_WARN_DEPRECATED_OBJC_IMPLEMENTATIONS = YES;
				CLANG_WARN_DIRECT_OBJC_ISA_USAGE = YES_ERROR;
				CLANG_WARN_DOCUMENTATION_COMMENTS = YES;
				CLANG_WARN_EMPTY_BODY = YES;
				CLANG_WARN_ENUM_CONVERSION = YES;
				CLANG_WARN_INFINITE_RECURSION = YES;
				CLANG_WARN_INT_CONVERSION = YES;
				CLANG_WARN_NON_LITERAL_NULL_CONVERSION = YES;
				CLANG_WARN_OBJC_IMPLICIT_RETAIN_SELF = YES;
				CLANG_WARN_OBJC_LITERAL_CONVERSION = YES;
				CLANG_WARN_OBJC_ROOT_CLASS = YES_ERROR;
				CLANG_WARN_QUOTED_INCLUDE_IN_FRAMEWORK_HEADER = YES;
				CLANG_WARN_RANGE_LOOP_ANALYSIS = YES;
				CLANG_WARN_STRICT_PROTOTYPES = YES;
				CLANG_WARN_SUSPICIOUS_MOVE = YES;
				CLANG_WARN_UNGUARDED_AVAILABILITY = YES_AGGRESSIVE;
				CLANG_WARN_UNREACHABLE_CODE = YES;
				CLANG_WARN__DUPLICATE_METHOD_MATCH = YES;
				COPY_PHASE_STRIP = NO;
				DEBUG_INFORMATION_FORMAT = dwarf;
				ENABLE_STRICT_OBJC_MSGSEND = YES;
				ENABLE_TESTABILITY = YES;
				ENABLE_USER_SCRIPT_SANDBOXING = YES;
				GCC_C_LANGUAGE_STANDARD = gnu17;
				GCC_DYNAMIC_NO_PIC = NO;
				GCC_NO_COMMON_BLOCKS = YES;
				GCC_OPTIMIZATION_LEVEL = 0;
				GCC_PREPROCESSOR_DEFINITIONS = (
					"DEBUG=1",
					"$(inherited)",
				);
				GCC_WARN_64_TO_32_BIT_CONVERSION = YES;
				GCC_WARN_ABOUT_RETURN_TYPE = YES_ERROR;
				GCC_WARN_UNDECLARED_SELECTOR = YES;
				GCC_WARN_UNINITIALIZED_AUTOS = YES_AGGRESSIVE;
				GCC_WARN_UNUSED_FUNCTION = YES;
				GCC_WARN_UNUSED_VARIABLE = YES;
				IPHONEOS_DEPLOYMENT_TARGET = 17.5;
				LOCALIZATION_PREFERS_STRING_CATALOGS = YES;
				MTL_ENABLE_DEBUG_INFO = INCLUDE_SOURCE;
				MTL_FAST_MATH = YES;
				ONLY_ACTIVE_ARCH = YES;
				SDKROOT = iphoneos;
				SWIFT_ACTIVE_COMPILATION_CONDITIONS = "DEBUG $(inherited)";
				SWIFT_OPTIMIZATION_LEVEL = "-Onone";
			};
			name = Debug;
		};
		2426F4F32C1061F4005350A9 /* Release */ = {
			isa = XCBuildConfiguration;
			buildSettings = {
				ALWAYS_SEARCH_USER_PATHS = NO;
				ASSETCATALOG_COMPILER_GENERATE_SWIFT_ASSET_SYMBOL_EXTENSIONS = YES;
				CLANG_ANALYZER_NONNULL = YES;
				CLANG_ANALYZER_NUMBER_OBJECT_CONVERSION = YES_AGGRESSIVE;
				CLANG_CXX_LANGUAGE_STANDARD = "gnu++20";
				CLANG_ENABLE_MODULES = YES;
				CLANG_ENABLE_OBJC_ARC = YES;
				CLANG_ENABLE_OBJC_WEAK = YES;
				CLANG_WARN_BLOCK_CAPTURE_AUTORELEASING = YES;
				CLANG_WARN_BOOL_CONVERSION = YES;
				CLANG_WARN_COMMA = YES;
				CLANG_WARN_CONSTANT_CONVERSION = YES;
				CLANG_WARN_DEPRECATED_OBJC_IMPLEMENTATIONS = YES;
				CLANG_WARN_DIRECT_OBJC_ISA_USAGE = YES_ERROR;
				CLANG_WARN_DOCUMENTATION_COMMENTS = YES;
				CLANG_WARN_EMPTY_BODY = YES;
				CLANG_WARN_ENUM_CONVERSION = YES;
				CLANG_WARN_INFINITE_RECURSION = YES;
				CLANG_WARN_INT_CONVERSION = YES;
				CLANG_WARN_NON_LITERAL_NULL_CONVERSION = YES;
				CLANG_WARN_OBJC_IMPLICIT_RETAIN_SELF = YES;
				CLANG_WARN_OBJC_LITERAL_CONVERSION = YES;
				CLANG_WARN_OBJC_ROOT_CLASS = YES_ERROR;
				CLANG_WARN_QUOTED_INCLUDE_IN_FRAMEWORK_HEADER = YES;
				CLANG_WARN_RANGE_LOOP_ANALYSIS = YES;
				CLANG_WARN_STRICT_PROTOTYPES = YES;
				CLANG_WARN_SUSPICIOUS_MOVE = YES;
				CLANG_WARN_UNGUARDED_AVAILABILITY = YES_AGGRESSIVE;
				CLANG_WARN_UNREACHABLE_CODE = YES;
				CLANG_WARN__DUPLICATE_METHOD_MATCH = YES;
				COPY_PHASE_STRIP = NO;
				DEBUG_INFORMATION_FORMAT = "dwarf-with-dsym";
				ENABLE_NS_ASSERTIONS = NO;
				ENABLE_STRICT_OBJC_MSGSEND = YES;
				ENABLE_USER_SCRIPT_SANDBOXING = YES;
				GCC_C_LANGUAGE_STANDARD = gnu17;
				GCC_NO_COMMON_BLOCKS = YES;
				GCC_WARN_64_TO_32_BIT_CONVERSION = YES;
				GCC_WARN_ABOUT_RETURN_TYPE = YES_ERROR;
				GCC_WARN_UNDECLARED_SELECTOR = YES;
				GCC_WARN_UNINITIALIZED_AUTOS = YES_AGGRESSIVE;
				GCC_WARN_UNUSED_FUNCTION = YES;
				GCC_WARN_UNUSED_VARIABLE = YES;
				IPHONEOS_DEPLOYMENT_TARGET = 17.5;
				LOCALIZATION_PREFERS_STRING_CATALOGS = YES;
				MTL_ENABLE_DEBUG_INFO = NO;
				MTL_FAST_MATH = YES;
				SDKROOT = iphoneos;
				SWIFT_COMPILATION_MODE = wholemodule;
				VALIDATE_PRODUCT = YES;
			};
			name = Release;
		};
		2426F4F52C1061F4005350A9 /* Debug */ = {
			isa = XCBuildConfiguration;
			buildSettings = {
				ASSETCATALOG_COMPILER_APPICON_NAME = AppIcon;
				ASSETCATALOG_COMPILER_GLOBAL_ACCENT_COLOR_NAME = AccentColor;
				CODE_SIGN_STYLE = Automatic;
				CURRENT_PROJECT_VERSION = 1;
				DEVELOPMENT_TEAM = Z6H2JVV9PA;
				GENERATE_INFOPLIST_FILE = YES;
				INFOPLIST_FILE = NetworkPractice/Info.plist;
				INFOPLIST_KEY_UIApplicationSupportsIndirectInputEvents = YES;
				INFOPLIST_KEY_UILaunchStoryboardName = LaunchScreen;
				INFOPLIST_KEY_UISupportedInterfaceOrientations = UIInterfaceOrientationPortrait;
				INFOPLIST_KEY_UISupportedInterfaceOrientations_iPad = "UIInterfaceOrientationLandscapeLeft UIInterfaceOrientationLandscapeRight UIInterfaceOrientationPortrait UIInterfaceOrientationPortraitUpsideDown";
				IPHONEOS_DEPLOYMENT_TARGET = 17.0;
				LD_RUNPATH_SEARCH_PATHS = (
					"$(inherited)",
					"@executable_path/Frameworks",
				);
				MARKETING_VERSION = 1.0;
				PRODUCT_BUNDLE_IDENTIFIER = com.ksm.NetworkPractice;
				PRODUCT_NAME = "$(TARGET_NAME)";
				SUPPORTED_PLATFORMS = "iphoneos iphonesimulator";
				SUPPORTS_MACCATALYST = NO;
				SUPPORTS_MAC_DESIGNED_FOR_IPHONE_IPAD = NO;
				SUPPORTS_XR_DESIGNED_FOR_IPHONE_IPAD = NO;
				SWIFT_EMIT_LOC_STRINGS = YES;
				SWIFT_VERSION = 5.0;
				TARGETED_DEVICE_FAMILY = 1;
			};
			name = Debug;
		};
		2426F4F62C1061F4005350A9 /* Release */ = {
			isa = XCBuildConfiguration;
			buildSettings = {
				ASSETCATALOG_COMPILER_APPICON_NAME = AppIcon;
				ASSETCATALOG_COMPILER_GLOBAL_ACCENT_COLOR_NAME = AccentColor;
				CODE_SIGN_STYLE = Automatic;
				CURRENT_PROJECT_VERSION = 1;
				DEVELOPMENT_TEAM = Z6H2JVV9PA;
				GENERATE_INFOPLIST_FILE = YES;
				INFOPLIST_FILE = NetworkPractice/Info.plist;
				INFOPLIST_KEY_UIApplicationSupportsIndirectInputEvents = YES;
				INFOPLIST_KEY_UILaunchStoryboardName = LaunchScreen;
				INFOPLIST_KEY_UISupportedInterfaceOrientations = UIInterfaceOrientationPortrait;
				INFOPLIST_KEY_UISupportedInterfaceOrientations_iPad = "UIInterfaceOrientationLandscapeLeft UIInterfaceOrientationLandscapeRight UIInterfaceOrientationPortrait UIInterfaceOrientationPortraitUpsideDown";
				IPHONEOS_DEPLOYMENT_TARGET = 17.0;
				LD_RUNPATH_SEARCH_PATHS = (
					"$(inherited)",
					"@executable_path/Frameworks",
				);
				MARKETING_VERSION = 1.0;
				PRODUCT_BUNDLE_IDENTIFIER = com.ksm.NetworkPractice;
				PRODUCT_NAME = "$(TARGET_NAME)";
				SUPPORTED_PLATFORMS = "iphoneos iphonesimulator";
				SUPPORTS_MACCATALYST = NO;
				SUPPORTS_MAC_DESIGNED_FOR_IPHONE_IPAD = NO;
				SUPPORTS_XR_DESIGNED_FOR_IPHONE_IPAD = NO;
				SWIFT_EMIT_LOC_STRINGS = YES;
				SWIFT_VERSION = 5.0;
				TARGETED_DEVICE_FAMILY = 1;
			};
			name = Release;
		};
/* End XCBuildConfiguration section */

/* Begin XCConfigurationList section */
		2426F4DB2C1061F2005350A9 /* Build configuration list for PBXProject "NetworkPractice" */ = {
			isa = XCConfigurationList;
			buildConfigurations = (
				2426F4F22C1061F4005350A9 /* Debug */,
				2426F4F32C1061F4005350A9 /* Release */,
			);
			defaultConfigurationIsVisible = 0;
			defaultConfigurationName = Release;
		};
		2426F4F42C1061F4005350A9 /* Build configuration list for PBXNativeTarget "NetworkPractice" */ = {
			isa = XCConfigurationList;
			buildConfigurations = (
				2426F4F52C1061F4005350A9 /* Debug */,
				2426F4F62C1061F4005350A9 /* Release */,
			);
			defaultConfigurationIsVisible = 0;
			defaultConfigurationName = Release;
		};
/* End XCConfigurationList section */

/* Begin XCRemoteSwiftPackageReference section */
		2426F4FB2C106831005350A9 /* XCRemoteSwiftPackageReference "Alamofire" */ = {
			isa = XCRemoteSwiftPackageReference;
			repositoryURL = "https://github.com/Alamofire/Alamofire.git";
			requirement = {
				kind = upToNextMajorVersion;
				minimumVersion = 5.9.1;
			};
		};
		2426F4FE2C10683F005350A9 /* XCRemoteSwiftPackageReference "SnapKit" */ = {
			isa = XCRemoteSwiftPackageReference;
			repositoryURL = "https://github.com/SnapKit/SnapKit";
			requirement = {
				kind = upToNextMajorVersion;
				minimumVersion = 5.7.1;
			};
		};
		2426F5552C16E0E9005350A9 /* XCRemoteSwiftPackageReference "Kingfisher" */ = {
			isa = XCRemoteSwiftPackageReference;
			repositoryURL = "https://github.com/onevcat/Kingfisher";
			requirement = {
				kind = upToNextMajorVersion;
				minimumVersion = 7.11.0;
			};
		};
/* End XCRemoteSwiftPackageReference section */

/* Begin XCSwiftPackageProductDependency section */
		2426F4FC2C106831005350A9 /* Alamofire */ = {
			isa = XCSwiftPackageProductDependency;
			package = 2426F4FB2C106831005350A9 /* XCRemoteSwiftPackageReference "Alamofire" */;
			productName = Alamofire;
		};
		2426F4FF2C10683F005350A9 /* SnapKit */ = {
			isa = XCSwiftPackageProductDependency;
			package = 2426F4FE2C10683F005350A9 /* XCRemoteSwiftPackageReference "SnapKit" */;
			productName = SnapKit;
		};
		2426F5562C16E0E9005350A9 /* Kingfisher */ = {
			isa = XCSwiftPackageProductDependency;
			package = 2426F5552C16E0E9005350A9 /* XCRemoteSwiftPackageReference "Kingfisher" */;
			productName = Kingfisher;
		};
/* End XCSwiftPackageProductDependency section */
	};
	rootObject = 2426F4D82C1061F2005350A9 /* Project object */;
}
